// !$*UTF8*$!
{
	archiveVersion = 1;
	classes = {
	};
	objectVersion = 56;
	objects = {

/* Begin PBXBuildFile section */
		850225A62C64B76E004DA7E6 /* HomeView.swift in Sources */ = {isa = PBXBuildFile; fileRef = 850225A52C64B76E004DA7E6 /* HomeView.swift */; };
		850225AA2C64D322004DA7E6 /* CircleButtonView.swift in Sources */ = {isa = PBXBuildFile; fileRef = 850225A92C64D322004DA7E6 /* CircleButtonView.swift */; };
		850225AC2C64DCD6004DA7E6 /* CircleButtonAnimationView.swift in Sources */ = {isa = PBXBuildFile; fileRef = 850225AB2C64DCD6004DA7E6 /* CircleButtonAnimationView.swift */; };
		850225AF2C64FA68004DA7E6 /* CoinModel.swift in Sources */ = {isa = PBXBuildFile; fileRef = 850225AE2C64FA68004DA7E6 /* CoinModel.swift */; };
		850225B12C65373C004DA7E6 /* CoinRowView.swift in Sources */ = {isa = PBXBuildFile; fileRef = 850225B02C65373C004DA7E6 /* CoinRowView.swift */; };
		850225B32C65422B004DA7E6 /* PreviewProvider.swift in Sources */ = {isa = PBXBuildFile; fileRef = 850225B22C65422B004DA7E6 /* PreviewProvider.swift */; };
		850225B52C6601F9004DA7E6 /* Double.swift in Sources */ = {isa = PBXBuildFile; fileRef = 850225B42C6601F9004DA7E6 /* Double.swift */; };
		850225B72C67D1E1004DA7E6 /* HomeViewModel.swift in Sources */ = {isa = PBXBuildFile; fileRef = 850225B62C67D1E1004DA7E6 /* HomeViewModel.swift */; };
		850DE78E2C76584A009E9D5D /* SettingsView.swift in Sources */ = {isa = PBXBuildFile; fileRef = 850DE78D2C76584A009E9D5D /* SettingsView.swift */; };
		850DE7922C7707C1009E9D5D /* LaunchScreen.storyboard in Resources */ = {isa = PBXBuildFile; fileRef = 850DE7912C7707C1009E9D5D /* LaunchScreen.storyboard */; };
		850DE7942C770EB9009E9D5D /* LaunchView.swift in Sources */ = {isa = PBXBuildFile; fileRef = 850DE7932C770EB9009E9D5D /* LaunchView.swift */; };
		8528A8A62C6A4B69001CB50E /* CoinImageViewModel.swift in Sources */ = {isa = PBXBuildFile; fileRef = 8528A8A52C6A4B69001CB50E /* CoinImageViewModel.swift */; };
		852A51BB2C6D025900CC4FF8 /* PortfolioView.swift in Sources */ = {isa = PBXBuildFile; fileRef = 852A51BA2C6D025900CC4FF8 /* PortfolioView.swift */; };
		853D47552C6B8AA300774B2B /* UIApplication.swift in Sources */ = {isa = PBXBuildFile; fileRef = 853D47542C6B8AA300774B2B /* UIApplication.swift */; };
		853EFBBC2C761856003BDF75 /* String.swift in Sources */ = {isa = PBXBuildFile; fileRef = 853EFBBB2C761856003BDF75 /* String.swift */; };
		8541039D2C72FE9A0029984F /* HapticManager.swift in Sources */ = {isa = PBXBuildFile; fileRef = 8541039C2C72FE9A0029984F /* HapticManager.swift */; };
		855BFECC2C689C0B00A28378 /* CoinDataService.swift in Sources */ = {isa = PBXBuildFile; fileRef = 855BFECB2C689C0B00A28378 /* CoinDataService.swift */; };
		855BFECF2C69F33F00A28378 /* NetworkingManager.swift in Sources */ = {isa = PBXBuildFile; fileRef = 855BFECE2C69F33F00A28378 /* NetworkingManager.swift */; };
		855BFED32C6A36F000A28378 /* CoinImageView.swift in Sources */ = {isa = PBXBuildFile; fileRef = 855BFED22C6A36F000A28378 /* CoinImageView.swift */; };
		855BFED52C6A39DE00A28378 /* CoinImageService.swift in Sources */ = {isa = PBXBuildFile; fileRef = 855BFED42C6A39DE00A28378 /* CoinImageService.swift */; };
		855F5E7E2C6B2184009E7526 /* LocalFileManager.swift in Sources */ = {isa = PBXBuildFile; fileRef = 855F5E7D2C6B2184009E7526 /* LocalFileManager.swift */; };
		855F5E812C6B6C61009E7526 /* SearchBarView.swift in Sources */ = {isa = PBXBuildFile; fileRef = 855F5E802C6B6C61009E7526 /* SearchBarView.swift */; };
		8573812D2C6D3ECB003850E1 /* XMarkButton.swift in Sources */ = {isa = PBXBuildFile; fileRef = 8573812C2C6D3ECB003850E1 /* XMarkButton.swift */; };
		857829FE2C6DED380095D88F /* CoinLogoView.swift in Sources */ = {isa = PBXBuildFile; fileRef = 857829FD2C6DED380095D88F /* CoinLogoView.swift */; };
		857FC6A62C6BE9BB003AD14C /* StatisticsModel.swift in Sources */ = {isa = PBXBuildFile; fileRef = 857FC6A52C6BE9BB003AD14C /* StatisticsModel.swift */; };
		857FC6A82C6C6B01003AD14C /* StatisticsView.swift in Sources */ = {isa = PBXBuildFile; fileRef = 857FC6A72C6C6B01003AD14C /* StatisticsView.swift */; };
		857FC6AA2C6C8847003AD14C /* HomeStatisticsView.swift in Sources */ = {isa = PBXBuildFile; fileRef = 857FC6A92C6C8847003AD14C /* HomeStatisticsView.swift */; };
		8582D8A32C6C9A7900CCAAEF /* MarketDataModel.swift in Sources */ = {isa = PBXBuildFile; fileRef = 8582D8A22C6C9A7900CCAAEF /* MarketDataModel.swift */; };
		8582D8A52C6CC03200CCAAEF /* MarketDataService.swift in Sources */ = {isa = PBXBuildFile; fileRef = 8582D8A42C6CC03200CCAAEF /* MarketDataService.swift */; };
		85DAA9E22C648EF500506FAE /* CryptoAppApp.swift in Sources */ = {isa = PBXBuildFile; fileRef = 85DAA9E12C648EF500506FAE /* CryptoAppApp.swift */; };
		85DAA9E62C648EF700506FAE /* Assets.xcassets in Resources */ = {isa = PBXBuildFile; fileRef = 85DAA9E52C648EF700506FAE /* Assets.xcassets */; };
		85DAA9E92C648EF700506FAE /* Preview Assets.xcassets in Resources */ = {isa = PBXBuildFile; fileRef = 85DAA9E82C648EF700506FAE /* Preview Assets.xcassets */; };
		85DAA9F12C64BC8600506FAE /* Color.swift in Sources */ = {isa = PBXBuildFile; fileRef = 85DAA9F02C64BC8600506FAE /* Color.swift */; };
		85DDF5832C6F923900E55CD5 /* PortfolioContainer.xcdatamodeld in Sources */ = {isa = PBXBuildFile; fileRef = 85DDF5812C6F923900E55CD5 /* PortfolioContainer.xcdatamodeld */; };
		85DDF5852C6F937900E55CD5 /* PortfolioDataService.swift in Sources */ = {isa = PBXBuildFile; fileRef = 85DDF5842C6F937900E55CD5 /* PortfolioDataService.swift */; };
		85DE59BF2C751AD10021D5B2 /* ChartView.swift in Sources */ = {isa = PBXBuildFile; fileRef = 85DE59BE2C751AD10021D5B2 /* ChartView.swift */; };
		85DE59C12C75E8E70021D5B2 /* Date.swift in Sources */ = {isa = PBXBuildFile; fileRef = 85DE59C02C75E8E70021D5B2 /* Date.swift */; };
		85F897F62C73A5EE0003C6BB /* DetailView.swift in Sources */ = {isa = PBXBuildFile; fileRef = 85F897F52C73A5EE0003C6BB /* DetailView.swift */; };
		85F897F82C7469FF0003C6BB /* CoinDetailModel.swift in Sources */ = {isa = PBXBuildFile; fileRef = 85F897F72C7469FF0003C6BB /* CoinDetailModel.swift */; };
		85F897FA2C747A110003C6BB /* DetailViewModel.swift in Sources */ = {isa = PBXBuildFile; fileRef = 85F897F92C747A110003C6BB /* DetailViewModel.swift */; };
		85F897FC2C747DE10003C6BB /* CoinDetailDataService.swift in Sources */ = {isa = PBXBuildFile; fileRef = 85F897FB2C747DE10003C6BB /* CoinDetailDataService.swift */; };
/* End PBXBuildFile section */

/* Begin PBXFileReference section */
		850225A52C64B76E004DA7E6 /* HomeView.swift */ = {isa = PBXFileReference; lastKnownFileType = sourcecode.swift; path = HomeView.swift; sourceTree = "<group>"; };
		850225A92C64D322004DA7E6 /* CircleButtonView.swift */ = {isa = PBXFileReference; lastKnownFileType = sourcecode.swift; path = CircleButtonView.swift; sourceTree = "<group>"; };
		850225AB2C64DCD6004DA7E6 /* CircleButtonAnimationView.swift */ = {isa = PBXFileReference; lastKnownFileType = sourcecode.swift; path = CircleButtonAnimationView.swift; sourceTree = "<group>"; };
		850225AE2C64FA68004DA7E6 /* CoinModel.swift */ = {isa = PBXFileReference; lastKnownFileType = sourcecode.swift; path = CoinModel.swift; sourceTree = "<group>"; };
		850225B02C65373C004DA7E6 /* CoinRowView.swift */ = {isa = PBXFileReference; lastKnownFileType = sourcecode.swift; path = CoinRowView.swift; sourceTree = "<group>"; };
		850225B22C65422B004DA7E6 /* PreviewProvider.swift */ = {isa = PBXFileReference; lastKnownFileType = sourcecode.swift; path = PreviewProvider.swift; sourceTree = "<group>"; };
		850225B42C6601F9004DA7E6 /* Double.swift */ = {isa = PBXFileReference; lastKnownFileType = sourcecode.swift; path = Double.swift; sourceTree = "<group>"; };
		850225B62C67D1E1004DA7E6 /* HomeViewModel.swift */ = {isa = PBXFileReference; lastKnownFileType = sourcecode.swift; path = HomeViewModel.swift; sourceTree = "<group>"; };
		850DE78D2C76584A009E9D5D /* SettingsView.swift */ = {isa = PBXFileReference; lastKnownFileType = sourcecode.swift; path = SettingsView.swift; sourceTree = "<group>"; };
		850DE7912C7707C1009E9D5D /* LaunchScreen.storyboard */ = {isa = PBXFileReference; lastKnownFileType = file.storyboard; path = LaunchScreen.storyboard; sourceTree = "<group>"; };
		850DE7932C770EB9009E9D5D /* LaunchView.swift */ = {isa = PBXFileReference; lastKnownFileType = sourcecode.swift; path = LaunchView.swift; sourceTree = "<group>"; };
		8528A8A52C6A4B69001CB50E /* CoinImageViewModel.swift */ = {isa = PBXFileReference; lastKnownFileType = sourcecode.swift; path = CoinImageViewModel.swift; sourceTree = "<group>"; };
		852A51BA2C6D025900CC4FF8 /* PortfolioView.swift */ = {isa = PBXFileReference; lastKnownFileType = sourcecode.swift; path = PortfolioView.swift; sourceTree = "<group>"; };
		853D47542C6B8AA300774B2B /* UIApplication.swift */ = {isa = PBXFileReference; lastKnownFileType = sourcecode.swift; path = UIApplication.swift; sourceTree = "<group>"; };
		853EFBBB2C761856003BDF75 /* String.swift */ = {isa = PBXFileReference; lastKnownFileType = sourcecode.swift; path = String.swift; sourceTree = "<group>"; };
		8541039C2C72FE9A0029984F /* HapticManager.swift */ = {isa = PBXFileReference; lastKnownFileType = sourcecode.swift; path = HapticManager.swift; sourceTree = "<group>"; };
		855BFECB2C689C0B00A28378 /* CoinDataService.swift */ = {isa = PBXFileReference; lastKnownFileType = sourcecode.swift; path = CoinDataService.swift; sourceTree = "<group>"; };
		855BFECE2C69F33F00A28378 /* NetworkingManager.swift */ = {isa = PBXFileReference; lastKnownFileType = sourcecode.swift; path = NetworkingManager.swift; sourceTree = "<group>"; };
		855BFED22C6A36F000A28378 /* CoinImageView.swift */ = {isa = PBXFileReference; lastKnownFileType = sourcecode.swift; path = CoinImageView.swift; sourceTree = "<group>"; };
		855BFED42C6A39DE00A28378 /* CoinImageService.swift */ = {isa = PBXFileReference; lastKnownFileType = sourcecode.swift; path = CoinImageService.swift; sourceTree = "<group>"; };
		855F5E7D2C6B2184009E7526 /* LocalFileManager.swift */ = {isa = PBXFileReference; lastKnownFileType = sourcecode.swift; path = LocalFileManager.swift; sourceTree = "<group>"; };
		855F5E802C6B6C61009E7526 /* SearchBarView.swift */ = {isa = PBXFileReference; lastKnownFileType = sourcecode.swift; path = SearchBarView.swift; sourceTree = "<group>"; };
		8573812C2C6D3ECB003850E1 /* XMarkButton.swift */ = {isa = PBXFileReference; lastKnownFileType = sourcecode.swift; path = XMarkButton.swift; sourceTree = "<group>"; };
		857829FD2C6DED380095D88F /* CoinLogoView.swift */ = {isa = PBXFileReference; lastKnownFileType = sourcecode.swift; path = CoinLogoView.swift; sourceTree = "<group>"; };
		857FC6A52C6BE9BB003AD14C /* StatisticsModel.swift */ = {isa = PBXFileReference; lastKnownFileType = sourcecode.swift; path = StatisticsModel.swift; sourceTree = "<group>"; };
		857FC6A72C6C6B01003AD14C /* StatisticsView.swift */ = {isa = PBXFileReference; lastKnownFileType = sourcecode.swift; path = StatisticsView.swift; sourceTree = "<group>"; };
		857FC6A92C6C8847003AD14C /* HomeStatisticsView.swift */ = {isa = PBXFileReference; lastKnownFileType = sourcecode.swift; path = HomeStatisticsView.swift; sourceTree = "<group>"; };
		8582D8A22C6C9A7900CCAAEF /* MarketDataModel.swift */ = {isa = PBXFileReference; lastKnownFileType = sourcecode.swift; path = MarketDataModel.swift; sourceTree = "<group>"; };
		8582D8A42C6CC03200CCAAEF /* MarketDataService.swift */ = {isa = PBXFileReference; lastKnownFileType = sourcecode.swift; path = MarketDataService.swift; sourceTree = "<group>"; };
		85DAA9DE2C648EF500506FAE /* CryptoApp.app */ = {isa = PBXFileReference; explicitFileType = wrapper.application; includeInIndex = 0; path = CryptoApp.app; sourceTree = BUILT_PRODUCTS_DIR; };
		85DAA9E12C648EF500506FAE /* CryptoAppApp.swift */ = {isa = PBXFileReference; lastKnownFileType = sourcecode.swift; path = CryptoAppApp.swift; sourceTree = "<group>"; };
		85DAA9E52C648EF700506FAE /* Assets.xcassets */ = {isa = PBXFileReference; lastKnownFileType = folder.assetcatalog; path = Assets.xcassets; sourceTree = "<group>"; };
		85DAA9E82C648EF700506FAE /* Preview Assets.xcassets */ = {isa = PBXFileReference; lastKnownFileType = folder.assetcatalog; path = "Preview Assets.xcassets"; sourceTree = "<group>"; };
		85DAA9F02C64BC8600506FAE /* Color.swift */ = {isa = PBXFileReference; lastKnownFileType = sourcecode.swift; path = Color.swift; sourceTree = "<group>"; };
		85DDF5822C6F923900E55CD5 /* PortfolioContainer.xcdatamodel */ = {isa = PBXFileReference; lastKnownFileType = wrapper.xcdatamodel; path = PortfolioContainer.xcdatamodel; sourceTree = "<group>"; };
		85DDF5842C6F937900E55CD5 /* PortfolioDataService.swift */ = {isa = PBXFileReference; lastKnownFileType = sourcecode.swift; path = PortfolioDataService.swift; sourceTree = "<group>"; };
		85DE59BE2C751AD10021D5B2 /* ChartView.swift */ = {isa = PBXFileReference; lastKnownFileType = sourcecode.swift; path = ChartView.swift; sourceTree = "<group>"; };
		85DE59C02C75E8E70021D5B2 /* Date.swift */ = {isa = PBXFileReference; lastKnownFileType = sourcecode.swift; path = Date.swift; sourceTree = "<group>"; };
		85F897F52C73A5EE0003C6BB /* DetailView.swift */ = {isa = PBXFileReference; lastKnownFileType = sourcecode.swift; path = DetailView.swift; sourceTree = "<group>"; };
		85F897F72C7469FF0003C6BB /* CoinDetailModel.swift */ = {isa = PBXFileReference; lastKnownFileType = sourcecode.swift; path = CoinDetailModel.swift; sourceTree = "<group>"; };
		85F897F92C747A110003C6BB /* DetailViewModel.swift */ = {isa = PBXFileReference; lastKnownFileType = sourcecode.swift; path = DetailViewModel.swift; sourceTree = "<group>"; };
		85F897FB2C747DE10003C6BB /* CoinDetailDataService.swift */ = {isa = PBXFileReference; lastKnownFileType = sourcecode.swift; path = CoinDetailDataService.swift; sourceTree = "<group>"; };
/* End PBXFileReference section */

/* Begin PBXFrameworksBuildPhase section */
		85DAA9DB2C648EF500506FAE /* Frameworks */ = {
			isa = PBXFrameworksBuildPhase;
			buildActionMask = 2147483647;
			files = (
			);
			runOnlyForDeploymentPostprocessing = 0;
		};
/* End PBXFrameworksBuildPhase section */

/* Begin PBXGroup section */
		850225A12C64B72E004DA7E6 /* Core */ = {
			isa = PBXGroup;
			children = (
				850DE78F2C7705FE009E9D5D /* Launch */,
				850225A72C64D2E0004DA7E6 /* Components */,
				850225A22C64B739004DA7E6 /* Home */,
				85F897F22C73A5880003C6BB /* Detail */,
				850DE78A2C7657E7009E9D5D /* Settings */,
			);
			path = Core;
			sourceTree = "<group>";
		};
		850225A22C64B739004DA7E6 /* Home */ = {
			isa = PBXGroup;
			children = (
				850225A42C64B74A004DA7E6 /* ViewModels */,
				850225A32C64B740004DA7E6 /* Views */,
			);
			path = Home;
			sourceTree = "<group>";
		};
		850225A32C64B740004DA7E6 /* Views */ = {
			isa = PBXGroup;
			children = (
				850225A52C64B76E004DA7E6 /* HomeView.swift */,
				852A51BA2C6D025900CC4FF8 /* PortfolioView.swift */,
				850225B02C65373C004DA7E6 /* CoinRowView.swift */,
				857FC6A92C6C8847003AD14C /* HomeStatisticsView.swift */,
			);
			path = Views;
			sourceTree = "<group>";
		};
		850225A42C64B74A004DA7E6 /* ViewModels */ = {
			isa = PBXGroup;
			children = (
				850225B62C67D1E1004DA7E6 /* HomeViewModel.swift */,
			);
			path = ViewModels;
			sourceTree = "<group>";
		};
		850225A72C64D2E0004DA7E6 /* Components */ = {
			isa = PBXGroup;
			children = (
				855BFED12C6A340A00A28378 /* CoinImage */,
				850225A82C64D2F3004DA7E6 /* CircleButton */,
				855F5E802C6B6C61009E7526 /* SearchBarView.swift */,
				857FC6A72C6C6B01003AD14C /* StatisticsView.swift */,
				8573812C2C6D3ECB003850E1 /* XMarkButton.swift */,
			);
			path = Components;
			sourceTree = "<group>";
		};
		850225A82C64D2F3004DA7E6 /* CircleButton */ = {
			isa = PBXGroup;
			children = (
				850225A92C64D322004DA7E6 /* CircleButtonView.swift */,
				850225AB2C64DCD6004DA7E6 /* CircleButtonAnimationView.swift */,
			);
			path = CircleButton;
			sourceTree = "<group>";
		};
		850225AD2C64F43D004DA7E6 /* Models */ = {
			isa = PBXGroup;
			children = (
				850225AE2C64FA68004DA7E6 /* CoinModel.swift */,
				85F897F72C7469FF0003C6BB /* CoinDetailModel.swift */,
				857FC6A52C6BE9BB003AD14C /* StatisticsModel.swift */,
				8582D8A22C6C9A7900CCAAEF /* MarketDataModel.swift */,
				85DDF5812C6F923900E55CD5 /* PortfolioContainer.xcdatamodeld */,
			);
			path = Models;
			sourceTree = "<group>";
		};
		850DE78A2C7657E7009E9D5D /* Settings */ = {
			isa = PBXGroup;
			children = (
				850DE78C2C76582B009E9D5D /* Views */,
			);
			path = Settings;
			sourceTree = "<group>";
		};
		850DE78C2C76582B009E9D5D /* Views */ = {
			isa = PBXGroup;
			children = (
				850DE78D2C76584A009E9D5D /* SettingsView.swift */,
			);
			path = Views;
			sourceTree = "<group>";
		};
		850DE78F2C7705FE009E9D5D /* Launch */ = {
			isa = PBXGroup;
			children = (
				850DE7902C770608009E9D5D /* Views */,
			);
			path = Launch;
			sourceTree = "<group>";
		};
		850DE7902C770608009E9D5D /* Views */ = {
			isa = PBXGroup;
			children = (
				850DE7912C7707C1009E9D5D /* LaunchScreen.storyboard */,
				850DE7932C770EB9009E9D5D /* LaunchView.swift */,
			);
			path = Views;
			sourceTree = "<group>";
		};
		855BFECA2C689BA200A28378 /* Services */ = {
			isa = PBXGroup;
			children = (
				855BFECB2C689C0B00A28378 /* CoinDataService.swift */,
				855BFED42C6A39DE00A28378 /* CoinImageService.swift */,
				85F897FB2C747DE10003C6BB /* CoinDetailDataService.swift */,
				8582D8A42C6CC03200CCAAEF /* MarketDataService.swift */,
				85DDF5842C6F937900E55CD5 /* PortfolioDataService.swift */,
			);
			path = Services;
			sourceTree = "<group>";
		};
		855BFECD2C69F2C200A28378 /* Utilities */ = {
			isa = PBXGroup;
			children = (
				855BFECE2C69F33F00A28378 /* NetworkingManager.swift */,
				855F5E7D2C6B2184009E7526 /* LocalFileManager.swift */,
				8541039C2C72FE9A0029984F /* HapticManager.swift */,
			);
			path = Utilities;
			sourceTree = "<group>";
		};
		855BFED12C6A340A00A28378 /* CoinImage */ = {
			isa = PBXGroup;
			children = (
				855BFED22C6A36F000A28378 /* CoinImageView.swift */,
				8528A8A52C6A4B69001CB50E /* CoinImageViewModel.swift */,
				857829FD2C6DED380095D88F /* CoinLogoView.swift */,
			);
			path = CoinImage;
			sourceTree = "<group>";
		};
		85DAA9D52C648EF500506FAE = {
			isa = PBXGroup;
			children = (
				85DAA9E02C648EF500506FAE /* CryptoApp */,
				85DAA9DF2C648EF500506FAE /* Products */,
			);
			sourceTree = "<group>";
		};
		85DAA9DF2C648EF500506FAE /* Products */ = {
			isa = PBXGroup;
			children = (
				85DAA9DE2C648EF500506FAE /* CryptoApp.app */,
			);
			name = Products;
			sourceTree = "<group>";
		};
		85DAA9E02C648EF500506FAE /* CryptoApp */ = {
			isa = PBXGroup;
			children = (
				85DAA9E12C648EF500506FAE /* CryptoAppApp.swift */,
				855BFECD2C69F2C200A28378 /* Utilities */,
				850225A12C64B72E004DA7E6 /* Core */,
				85DAA9EF2C64BC7000506FAE /* Extensions */,
				855BFECA2C689BA200A28378 /* Services */,
				850225AD2C64F43D004DA7E6 /* Models */,
				85DAA9E52C648EF700506FAE /* Assets.xcassets */,
				85DAA9E72C648EF700506FAE /* Preview Content */,
			);
			path = CryptoApp;
			sourceTree = "<group>";
		};
		85DAA9E72C648EF700506FAE /* Preview Content */ = {
			isa = PBXGroup;
			children = (
				85DAA9E82C648EF700506FAE /* Preview Assets.xcassets */,
			);
			path = "Preview Content";
			sourceTree = "<group>";
		};
		85DAA9EF2C64BC7000506FAE /* Extensions */ = {
			isa = PBXGroup;
			children = (
				85DAA9F02C64BC8600506FAE /* Color.swift */,
				850225B22C65422B004DA7E6 /* PreviewProvider.swift */,
				850225B42C6601F9004DA7E6 /* Double.swift */,
				853D47542C6B8AA300774B2B /* UIApplication.swift */,
				85DE59C02C75E8E70021D5B2 /* Date.swift */,
				853EFBBB2C761856003BDF75 /* String.swift */,
			);
			path = Extensions;
			sourceTree = "<group>";
		};
		85F897F22C73A5880003C6BB /* Detail */ = {
			isa = PBXGroup;
			children = (
				85F897F42C73A5C10003C6BB /* Views */,
				85F897F32C73A5B70003C6BB /* ViewModels */,
			);
			path = Detail;
			sourceTree = "<group>";
		};
		85F897F32C73A5B70003C6BB /* ViewModels */ = {
			isa = PBXGroup;
			children = (
				85F897F92C747A110003C6BB /* DetailViewModel.swift */,
			);
			path = ViewModels;
			sourceTree = "<group>";
		};
		85F897F42C73A5C10003C6BB /* Views */ = {
			isa = PBXGroup;
			children = (
				85F897F52C73A5EE0003C6BB /* DetailView.swift */,
				85DE59BE2C751AD10021D5B2 /* ChartView.swift */,
			);
			path = Views;
			sourceTree = "<group>";
		};
/* End PBXGroup section */

/* Begin PBXNativeTarget section */
		85DAA9DD2C648EF500506FAE /* CryptoApp */ = {
			isa = PBXNativeTarget;
			buildConfigurationList = 85DAA9EC2C648EF700506FAE /* Build configuration list for PBXNativeTarget "CryptoApp" */;
			buildPhases = (
				85DAA9DA2C648EF500506FAE /* Sources */,
				85DAA9DB2C648EF500506FAE /* Frameworks */,
				85DAA9DC2C648EF500506FAE /* Resources */,
			);
			buildRules = (
			);
			dependencies = (
			);
			name = CryptoApp;
			productName = CryptoApp;
			productReference = 85DAA9DE2C648EF500506FAE /* CryptoApp.app */;
			productType = "com.apple.product-type.application";
		};
/* End PBXNativeTarget section */

/* Begin PBXProject section */
		85DAA9D62C648EF500506FAE /* Project object */ = {
			isa = PBXProject;
			attributes = {
				BuildIndependentTargetsInParallel = 1;
				LastSwiftUpdateCheck = 1520;
				LastUpgradeCheck = 1520;
				TargetAttributes = {
					85DAA9DD2C648EF500506FAE = {
						CreatedOnToolsVersion = 15.2;
					};
				};
			};
			buildConfigurationList = 85DAA9D92C648EF500506FAE /* Build configuration list for PBXProject "CryptoApp" */;
			compatibilityVersion = "Xcode 14.0";
			developmentRegion = en;
			hasScannedForEncodings = 0;
			knownRegions = (
				en,
				Base,
			);
			mainGroup = 85DAA9D52C648EF500506FAE;
			productRefGroup = 85DAA9DF2C648EF500506FAE /* Products */;
			projectDirPath = "";
			projectRoot = "";
			targets = (
				85DAA9DD2C648EF500506FAE /* CryptoApp */,
			);
		};
/* End PBXProject section */

/* Begin PBXResourcesBuildPhase section */
		85DAA9DC2C648EF500506FAE /* Resources */ = {
			isa = PBXResourcesBuildPhase;
			buildActionMask = 2147483647;
			files = (
				850DE7922C7707C1009E9D5D /* LaunchScreen.storyboard in Resources */,
				85DAA9E92C648EF700506FAE /* Preview Assets.xcassets in Resources */,
				85DAA9E62C648EF700506FAE /* Assets.xcassets in Resources */,
			);
			runOnlyForDeploymentPostprocessing = 0;
		};
/* End PBXResourcesBuildPhase section */

/* Begin PBXSourcesBuildPhase section */
		85DAA9DA2C648EF500506FAE /* Sources */ = {
			isa = PBXSourcesBuildPhase;
			buildActionMask = 2147483647;
			files = (
				85DDF5832C6F923900E55CD5 /* PortfolioContainer.xcdatamodeld in Sources */,
				855BFECC2C689C0B00A28378 /* CoinDataService.swift in Sources */,
				850225B12C65373C004DA7E6 /* CoinRowView.swift in Sources */,
				85DE59BF2C751AD10021D5B2 /* ChartView.swift in Sources */,
				850225B72C67D1E1004DA7E6 /* HomeViewModel.swift in Sources */,
				8573812D2C6D3ECB003850E1 /* XMarkButton.swift in Sources */,
				85DE59C12C75E8E70021D5B2 /* Date.swift in Sources */,
				855F5E7E2C6B2184009E7526 /* LocalFileManager.swift in Sources */,
				850225A62C64B76E004DA7E6 /* HomeView.swift in Sources */,
				8582D8A32C6C9A7900CCAAEF /* MarketDataModel.swift in Sources */,
				857FC6AA2C6C8847003AD14C /* HomeStatisticsView.swift in Sources */,
				855BFED32C6A36F000A28378 /* CoinImageView.swift in Sources */,
				85DAA9E22C648EF500506FAE /* CryptoAppApp.swift in Sources */,
				857FC6A62C6BE9BB003AD14C /* StatisticsModel.swift in Sources */,
				853D47552C6B8AA300774B2B /* UIApplication.swift in Sources */,
				850DE7942C770EB9009E9D5D /* LaunchView.swift in Sources */,
				857FC6A82C6C6B01003AD14C /* StatisticsView.swift in Sources */,
				850225AA2C64D322004DA7E6 /* CircleButtonView.swift in Sources */,
				85F897F62C73A5EE0003C6BB /* DetailView.swift in Sources */,
				8541039D2C72FE9A0029984F /* HapticManager.swift in Sources */,
				85DAA9F12C64BC8600506FAE /* Color.swift in Sources */,
				855F5E812C6B6C61009E7526 /* SearchBarView.swift in Sources */,
				857829FE2C6DED380095D88F /* CoinLogoView.swift in Sources */,
				855BFECF2C69F33F00A28378 /* NetworkingManager.swift in Sources */,
				8582D8A52C6CC03200CCAAEF /* MarketDataService.swift in Sources */,
				850225AC2C64DCD6004DA7E6 /* CircleButtonAnimationView.swift in Sources */,
				8528A8A62C6A4B69001CB50E /* CoinImageViewModel.swift in Sources */,
				853EFBBC2C761856003BDF75 /* String.swift in Sources */,
				850225B32C65422B004DA7E6 /* PreviewProvider.swift in Sources */,
				852A51BB2C6D025900CC4FF8 /* PortfolioView.swift in Sources */,
				850225B52C6601F9004DA7E6 /* Double.swift in Sources */,
				855BFED52C6A39DE00A28378 /* CoinImageService.swift in Sources */,
				85F897F82C7469FF0003C6BB /* CoinDetailModel.swift in Sources */,
				850225AF2C64FA68004DA7E6 /* CoinModel.swift in Sources */,
				85F897FC2C747DE10003C6BB /* CoinDetailDataService.swift in Sources */,
				85F897FA2C747A110003C6BB /* DetailViewModel.swift in Sources */,
				85DDF5852C6F937900E55CD5 /* PortfolioDataService.swift in Sources */,
				850DE78E2C76584A009E9D5D /* SettingsView.swift in Sources */,
			);
			runOnlyForDeploymentPostprocessing = 0;
		};
/* End PBXSourcesBuildPhase section */

/* Begin XCBuildConfiguration section */
		85DAA9EA2C648EF700506FAE /* Debug */ = {
			isa = XCBuildConfiguration;
			buildSettings = {
				ALWAYS_SEARCH_USER_PATHS = NO;
				ASSETCATALOG_COMPILER_GENERATE_SWIFT_ASSET_SYMBOL_EXTENSIONS = YES;
				CLANG_ANALYZER_NONNULL = YES;
				CLANG_ANALYZER_NUMBER_OBJECT_CONVERSION = YES_AGGRESSIVE;
				CLANG_CXX_LANGUAGE_STANDARD = "gnu++20";
				CLANG_ENABLE_MODULES = YES;
				CLANG_ENABLE_OBJC_ARC = YES;
				CLANG_ENABLE_OBJC_WEAK = YES;
				CLANG_WARN_BLOCK_CAPTURE_AUTORELEASING = YES;
				CLANG_WARN_BOOL_CONVERSION = YES;
				CLANG_WARN_COMMA = YES;
				CLANG_WARN_CONSTANT_CONVERSION = YES;
				CLANG_WARN_DEPRECATED_OBJC_IMPLEMENTATIONS = YES;
				CLANG_WARN_DIRECT_OBJC_ISA_USAGE = YES_ERROR;
				CLANG_WARN_DOCUMENTATION_COMMENTS = YES;
				CLANG_WARN_EMPTY_BODY = YES;
				CLANG_WARN_ENUM_CONVERSION = YES;
				CLANG_WARN_INFINITE_RECURSION = YES;
				CLANG_WARN_INT_CONVERSION = YES;
				CLANG_WARN_NON_LITERAL_NULL_CONVERSION = YES;
				CLANG_WARN_OBJC_IMPLICIT_RETAIN_SELF = YES;
				CLANG_WARN_OBJC_LITERAL_CONVERSION = YES;
				CLANG_WARN_OBJC_ROOT_CLASS = YES_ERROR;
				CLANG_WARN_QUOTED_INCLUDE_IN_FRAMEWORK_HEADER = YES;
				CLANG_WARN_RANGE_LOOP_ANALYSIS = YES;
				CLANG_WARN_STRICT_PROTOTYPES = YES;
				CLANG_WARN_SUSPICIOUS_MOVE = YES;
				CLANG_WARN_UNGUARDED_AVAILABILITY = YES_AGGRESSIVE;
				CLANG_WARN_UNREACHABLE_CODE = YES;
				CLANG_WARN__DUPLICATE_METHOD_MATCH = YES;
				COPY_PHASE_STRIP = NO;
				DEBUG_INFORMATION_FORMAT = dwarf;
				ENABLE_STRICT_OBJC_MSGSEND = YES;
				ENABLE_TESTABILITY = YES;
				ENABLE_USER_SCRIPT_SANDBOXING = YES;
				GCC_C_LANGUAGE_STANDARD = gnu17;
				GCC_DYNAMIC_NO_PIC = NO;
				GCC_NO_COMMON_BLOCKS = YES;
				GCC_OPTIMIZATION_LEVEL = 0;
				GCC_PREPROCESSOR_DEFINITIONS = (
					"DEBUG=1",
					"$(inherited)",
				);
				GCC_WARN_64_TO_32_BIT_CONVERSION = YES;
				GCC_WARN_ABOUT_RETURN_TYPE = YES_ERROR;
				GCC_WARN_UNDECLARED_SELECTOR = YES;
				GCC_WARN_UNINITIALIZED_AUTOS = YES_AGGRESSIVE;
				GCC_WARN_UNUSED_FUNCTION = YES;
				GCC_WARN_UNUSED_VARIABLE = YES;
				IPHONEOS_DEPLOYMENT_TARGET = 17.2;
				LOCALIZATION_PREFERS_STRING_CATALOGS = YES;
				MTL_ENABLE_DEBUG_INFO = INCLUDE_SOURCE;
				MTL_FAST_MATH = YES;
				ONLY_ACTIVE_ARCH = YES;
				SDKROOT = iphoneos;
				SWIFT_ACTIVE_COMPILATION_CONDITIONS = "DEBUG $(inherited)";
				SWIFT_OPTIMIZATION_LEVEL = "-Onone";
			};
			name = Debug;
		};
		85DAA9EB2C648EF700506FAE /* Release */ = {
			isa = XCBuildConfiguration;
			buildSettings = {
				ALWAYS_SEARCH_USER_PATHS = NO;
				ASSETCATALOG_COMPILER_GENERATE_SWIFT_ASSET_SYMBOL_EXTENSIONS = YES;
				CLANG_ANALYZER_NONNULL = YES;
				CLANG_ANALYZER_NUMBER_OBJECT_CONVERSION = YES_AGGRESSIVE;
				CLANG_CXX_LANGUAGE_STANDARD = "gnu++20";
				CLANG_ENABLE_MODULES = YES;
				CLANG_ENABLE_OBJC_ARC = YES;
				CLANG_ENABLE_OBJC_WEAK = YES;
				CLANG_WARN_BLOCK_CAPTURE_AUTORELEASING = YES;
				CLANG_WARN_BOOL_CONVERSION = YES;
				CLANG_WARN_COMMA = YES;
				CLANG_WARN_CONSTANT_CONVERSION = YES;
				CLANG_WARN_DEPRECATED_OBJC_IMPLEMENTATIONS = YES;
				CLANG_WARN_DIRECT_OBJC_ISA_USAGE = YES_ERROR;
				CLANG_WARN_DOCUMENTATION_COMMENTS = YES;
				CLANG_WARN_EMPTY_BODY = YES;
				CLANG_WARN_ENUM_CONVERSION = YES;
				CLANG_WARN_INFINITE_RECURSION = YES;
				CLANG_WARN_INT_CONVERSION = YES;
				CLANG_WARN_NON_LITERAL_NULL_CONVERSION = YES;
				CLANG_WARN_OBJC_IMPLICIT_RETAIN_SELF = YES;
				CLANG_WARN_OBJC_LITERAL_CONVERSION = YES;
				CLANG_WARN_OBJC_ROOT_CLASS = YES_ERROR;
				CLANG_WARN_QUOTED_INCLUDE_IN_FRAMEWORK_HEADER = YES;
				CLANG_WARN_RANGE_LOOP_ANALYSIS = YES;
				CLANG_WARN_STRICT_PROTOTYPES = YES;
				CLANG_WARN_SUSPICIOUS_MOVE = YES;
				CLANG_WARN_UNGUARDED_AVAILABILITY = YES_AGGRESSIVE;
				CLANG_WARN_UNREACHABLE_CODE = YES;
				CLANG_WARN__DUPLICATE_METHOD_MATCH = YES;
				COPY_PHASE_STRIP = NO;
				DEBUG_INFORMATION_FORMAT = "dwarf-with-dsym";
				ENABLE_NS_ASSERTIONS = NO;
				ENABLE_STRICT_OBJC_MSGSEND = YES;
				ENABLE_USER_SCRIPT_SANDBOXING = YES;
				GCC_C_LANGUAGE_STANDARD = gnu17;
				GCC_NO_COMMON_BLOCKS = YES;
				GCC_WARN_64_TO_32_BIT_CONVERSION = YES;
				GCC_WARN_ABOUT_RETURN_TYPE = YES_ERROR;
				GCC_WARN_UNDECLARED_SELECTOR = YES;
				GCC_WARN_UNINITIALIZED_AUTOS = YES_AGGRESSIVE;
				GCC_WARN_UNUSED_FUNCTION = YES;
				GCC_WARN_UNUSED_VARIABLE = YES;
				IPHONEOS_DEPLOYMENT_TARGET = 17.2;
				LOCALIZATION_PREFERS_STRING_CATALOGS = YES;
				MTL_ENABLE_DEBUG_INFO = NO;
				MTL_FAST_MATH = YES;
				SDKROOT = iphoneos;
				SWIFT_COMPILATION_MODE = wholemodule;
				VALIDATE_PRODUCT = YES;
			};
			name = Release;
		};
		85DAA9ED2C648EF700506FAE /* Debug */ = {
			isa = XCBuildConfiguration;
			buildSettings = {
				ASSETCATALOG_COMPILER_APPICON_NAME = AppIcon;
				ASSETCATALOG_COMPILER_GLOBAL_ACCENT_COLOR_NAME = AccentColor;
				CODE_SIGN_STYLE = Automatic;
				CURRENT_PROJECT_VERSION = 1;
				DEVELOPMENT_ASSET_PATHS = "\"CryptoApp/Preview Content\"";
				DEVELOPMENT_TEAM = K83BJM6X6T;
				ENABLE_PREVIEWS = YES;
				GENERATE_INFOPLIST_FILE = YES;
				INFOPLIST_KEY_CFBundleDisplayName = "Crypto Tracker";
				INFOPLIST_KEY_UIApplicationSceneManifest_Generation = YES;
				INFOPLIST_KEY_UIApplicationSupportsIndirectInputEvents = YES;
				INFOPLIST_KEY_UILaunchStoryboardName = LaunchScreen.storyboard;
				INFOPLIST_KEY_UISupportedInterfaceOrientations = UIInterfaceOrientationPortrait;
				IPHONEOS_DEPLOYMENT_TARGET = 15.0;
				LD_RUNPATH_SEARCH_PATHS = (
					"$(inherited)",
					"@executable_path/Frameworks",
				);
				MARKETING_VERSION = 1.0;
				PRODUCT_BUNDLE_IDENTIFIER = com.pramitpatekar.CryptoApp;
				PRODUCT_NAME = "$(TARGET_NAME)";
				SWIFT_EMIT_LOC_STRINGS = YES;
				SWIFT_VERSION = 5.0;
				TARGETED_DEVICE_FAMILY = "1,2";
			};
			name = Debug;
		};
		85DAA9EE2C648EF700506FAE /* Release */ = {
			isa = XCBuildConfiguration;
			buildSettings = {
				ASSETCATALOG_COMPILER_APPICON_NAME = AppIcon;
				ASSETCATALOG_COMPILER_GLOBAL_ACCENT_COLOR_NAME = AccentColor;
				CODE_SIGN_STYLE = Automatic;
				CURRENT_PROJECT_VERSION = 1;
				DEVELOPMENT_ASSET_PATHS = "\"CryptoApp/Preview Content\"";
				DEVELOPMENT_TEAM = K83BJM6X6T;
				ENABLE_PREVIEWS = YES;
				GENERATE_INFOPLIST_FILE = YES;
				INFOPLIST_KEY_CFBundleDisplayName = "Crypto Tracker";
				INFOPLIST_KEY_UIApplicationSceneManifest_Generation = YES;
				INFOPLIST_KEY_UIApplicationSupportsIndirectInputEvents = YES;
				INFOPLIST_KEY_UILaunchStoryboardName = LaunchScreen.storyboard;
				INFOPLIST_KEY_UISupportedInterfaceOrientations = UIInterfaceOrientationPortrait;
				IPHONEOS_DEPLOYMENT_TARGET = 15.0;
				LD_RUNPATH_SEARCH_PATHS = (
					"$(inherited)",
					"@executable_path/Frameworks",
				);
				MARKETING_VERSION = 1.0;
				PRODUCT_BUNDLE_IDENTIFIER = com.pramitpatekar.CryptoApp;
				PRODUCT_NAME = "$(TARGET_NAME)";
				SWIFT_EMIT_LOC_STRINGS = YES;
				SWIFT_VERSION = 5.0;
				TARGETED_DEVICE_FAMILY = "1,2";
			};
			name = Release;
		};
/* End XCBuildConfiguration section */

/* Begin XCConfigurationList section */
		85DAA9D92C648EF500506FAE /* Build configuration list for PBXProject "CryptoApp" */ = {
			isa = XCConfigurationList;
			buildConfigurations = (
				85DAA9EA2C648EF700506FAE /* Debug */,
				85DAA9EB2C648EF700506FAE /* Release */,
			);
			defaultConfigurationIsVisible = 0;
			defaultConfigurationName = Release;
		};
		85DAA9EC2C648EF700506FAE /* Build configuration list for PBXNativeTarget "CryptoApp" */ = {
			isa = XCConfigurationList;
			buildConfigurations = (
				85DAA9ED2C648EF700506FAE /* Debug */,
				85DAA9EE2C648EF700506FAE /* Release */,
			);
			defaultConfigurationIsVisible = 0;
			defaultConfigurationName = Release;
		};
/* End XCConfigurationList section */

/* Begin XCVersionGroup section */
		85DDF5812C6F923900E55CD5 /* PortfolioContainer.xcdatamodeld */ = {
			isa = XCVersionGroup;
			children = (
				85DDF5822C6F923900E55CD5 /* PortfolioContainer.xcdatamodel */,
			);
			currentVersion = 85DDF5822C6F923900E55CD5 /* PortfolioContainer.xcdatamodel */;
			path = PortfolioContainer.xcdatamodeld;
			sourceTree = "<group>";
			versionGroupType = wrapper.xcdatamodel;
		};
/* End XCVersionGroup section */
	};
	rootObject = 85DAA9D62C648EF500506FAE /* Project object */;
}
